
Microsoft Visual Studio Solution File, Format Version 12.00
# Visual Studio Version 17
VisualStudioVersion = 17.11.35312.102
MinimumVisualStudioVersion = 10.0.40219.1
Project("{FAE04EC0-301F-11D3-BF4B-00C04F79EFBC}") = "SelectStatementForLevelStageApp", "SelectStatementForLevelStageApp\SelectStatementForLevelStageApp.csproj", "{190BCED3-DCFB-43EE-8201-3C4C5B763B1E}"
EndProject
Global
	GlobalSection(SolutionConfigurationPlatforms) = preSolution
		Debug|Any CPU = Debug|Any CPU
		Release|Any CPU = Release|Any CPU
	EndGlobalSection
	GlobalSection(ProjectConfigurationPlatforms) = postSolution
		{190BCED3-DCFB-43EE-8201-3C4C5B763B1E}.Debug|Any CPU.ActiveCfg = Debug|Any CPU
		{190BCED3-DCFB-43EE-8201-3C4C5B763B1E}.Debug|Any CPU.Build.0 = Debug|Any CPU
		{190BCED3-DCFB-43EE-8201-3C4C5B763B1E}.Release|Any CPU.ActiveCfg = Release|Any CPU
		{190BCED3-DCFB-43EE-8201-3C4C5B763B1E}.Release|Any CPU.Build.0 = Release|Any CPU
	EndGlobalSection
	GlobalSection(SolutionProperties) = preSolution
		HideSolutionNode = FALSE
	EndGlobalSection
	GlobalSection(ExtensibilityGlobals) = postSolution
		SolutionGuid = {3CF131AC-6B4A-4F7E-9193-936047292869}
	EndGlobalSection
EndGlobal
