
Microsoft Visual Studio Solution File, Format Version 12.00
# Visual Studio Version 17
VisualStudioVersion = 17.11.35312.102
MinimumVisualStudioVersion = 10.0.40219.1
Project("{FAE04EC0-301F-11D3-BF4B-00C04F79EFBC}") = "VideoPlayer", "VideoPlayer\VideoPlayer.csproj", "{7EE61127-3936-4C4D-BF6F-73AA37E7D8C4}"
EndProject
Global
	GlobalSection(SolutionConfigurationPlatforms) = preSolution
		Debug|Any CPU = Debug|Any CPU
		Release|Any CPU = Release|Any CPU
	EndGlobalSection
	GlobalSection(ProjectConfigurationPlatforms) = postSolution
		{7EE61127-3936-4C4D-BF6F-73AA37E7D8C4}.Debug|Any CPU.ActiveCfg = Debug|Any CPU
		{7EE61127-3936-4C4D-BF6F-73AA37E7D8C4}.Debug|Any CPU.Build.0 = Debug|Any CPU
		{7EE61127-3936-4C4D-BF6F-73AA37E7D8C4}.Release|Any CPU.ActiveCfg = Release|Any CPU
		{7EE61127-3936-4C4D-BF6F-73AA37E7D8C4}.Release|Any CPU.Build.0 = Release|Any CPU
	EndGlobalSection
	GlobalSection(SolutionProperties) = preSolution
		HideSolutionNode = FALSE
	EndGlobalSection
	GlobalSection(ExtensibilityGlobals) = postSolution
		SolutionGuid = {243FEEC8-E5FE-4184-9073-0E55C88D7068}
	EndGlobalSection
EndGlobal
