
Microsoft Visual Studio Solution File, Format Version 12.00
# Visual Studio Version 17
VisualStudioVersion = 17.11.35312.102
MinimumVisualStudioVersion = 10.0.40219.1
Project("{9A19103F-16F7-4668-BE54-9A1E7A4F7556}") = "GenerateKingdomRushFolders", "GenerateKingdomRushFolders.csproj", "{36FA1DE3-6768-445A-8974-4803E8E4740A}"
EndProject
Global
	GlobalSection(SolutionConfigurationPlatforms) = preSolution
		Debug|Any CPU = Debug|Any CPU
		Release|Any CPU = Release|Any CPU
	EndGlobalSection
	GlobalSection(ProjectConfigurationPlatforms) = postSolution
		{36FA1DE3-6768-445A-8974-4803E8E4740A}.Debug|Any CPU.ActiveCfg = Debug|Any CPU
		{36FA1DE3-6768-445A-8974-4803E8E4740A}.Debug|Any CPU.Build.0 = Debug|Any CPU
		{36FA1DE3-6768-445A-8974-4803E8E4740A}.Release|Any CPU.ActiveCfg = Release|Any CPU
		{36FA1DE3-6768-445A-8974-4803E8E4740A}.Release|Any CPU.Build.0 = Release|Any CPU
	EndGlobalSection
	GlobalSection(SolutionProperties) = preSolution
		HideSolutionNode = FALSE
	EndGlobalSection
	GlobalSection(ExtensibilityGlobals) = postSolution
		SolutionGuid = {D25CDEB9-5DF6-4F49-9CBF-14F934AC6859}
	EndGlobalSection
EndGlobal
